// !$*UTF8*$!
{
	archiveVersion = 1;
	classes = {
	};
	objectVersion = 56;
	objects = {

/* Begin PBXBuildFile section */
		ABA48DB22D48005A0028E7E0 /* clipboardxApp.swift in Sources */ = {isa = PBXBuildFile; fileRef = ABA48DB12D48005A0028E7E0 /* clipboardxApp.swift */; };
		ABA48DB42D48005A0028E7E0 /* ContentView.swift in Sources */ = {isa = PBXBuildFile; fileRef = ABA48DB32D48005A0028E7E0 /* ContentView.swift */; };
		ABA48DB62D48005B0028E7E0 /* Assets.xcassets in Resources */ = {isa = PBXBuildFile; fileRef = ABA48DB52D48005B0028E7E0 /* Assets.xcassets */; };
		ABA48DB92D48005B0028E7E0 /* Preview Assets.xcassets in Resources */ = {isa = PBXBuildFile; fileRef = ABA48DB82D48005B0028E7E0 /* Preview Assets.xcassets */; };
		ABA48DC42D48005B0028E7E0 /* clipboardxTests.swift in Sources */ = {isa = PBXBuildFile; fileRef = ABA48DC32D48005B0028E7E0 /* clipboardxTests.swift */; };
		ABA48DCE2D48005B0028E7E0 /* clipboardxUITests.swift in Sources */ = {isa = PBXBuildFile; fileRef = ABA48DCD2D48005B0028E7E0 /* clipboardxUITests.swift */; };
		ABA48DD02D48005B0028E7E0 /* clipboardxUITestsLaunchTests.swift in Sources */ = {isa = PBXBuildFile; fileRef = ABA48DCF2D48005B0028E7E0 /* clipboardxUITestsLaunchTests.swift */; };
		ABA48DDD2D48018E0028E7E0 /* ClipboardManager.swift in Sources */ = {isa = PBXBuildFile; fileRef = ABA48DDC2D48018E0028E7E0 /* ClipboardManager.swift */; };
		ABA48DDF2D4807F80028E7E0 /* PermissionsView.swift in Sources */ = {isa = PBXBuildFile; fileRef = ABA48DDE2D4807F80028E7E0 /* PermissionsView.swift */; };
/* End PBXBuildFile section */

/* Begin PBXContainerItemProxy section */
		ABA48DC02D48005B0028E7E0 /* PBXContainerItemProxy */ = {
			isa = PBXContainerItemProxy;
			containerPortal = ABA48DA62D48005A0028E7E0 /* Project object */;
			proxyType = 1;
			remoteGlobalIDString = ABA48DAD2D48005A0028E7E0;
			remoteInfo = clipboardx;
		};
		ABA48DCA2D48005B0028E7E0 /* PBXContainerItemProxy */ = {
			isa = PBXContainerItemProxy;
			containerPortal = ABA48DA62D48005A0028E7E0 /* Project object */;
			proxyType = 1;
			remoteGlobalIDString = ABA48DAD2D48005A0028E7E0;
			remoteInfo = clipboardx;
		};
/* End PBXContainerItemProxy section */

/* Begin PBXFileReference section */
		ABA48DAE2D48005A0028E7E0 /* clipboardx.app */ = {isa = PBXFileReference; explicitFileType = wrapper.application; includeInIndex = 0; path = clipboardx.app; sourceTree = BUILT_PRODUCTS_DIR; };
		ABA48DB12D48005A0028E7E0 /* clipboardxApp.swift */ = {isa = PBXFileReference; lastKnownFileType = sourcecode.swift; path = clipboardxApp.swift; sourceTree = "<group>"; };
		ABA48DB32D48005A0028E7E0 /* ContentView.swift */ = {isa = PBXFileReference; lastKnownFileType = sourcecode.swift; path = ContentView.swift; sourceTree = "<group>"; };
		ABA48DB52D48005B0028E7E0 /* Assets.xcassets */ = {isa = PBXFileReference; lastKnownFileType = folder.assetcatalog; path = Assets.xcassets; sourceTree = "<group>"; };
		ABA48DB82D48005B0028E7E0 /* Preview Assets.xcassets */ = {isa = PBXFileReference; lastKnownFileType = folder.assetcatalog; path = "Preview Assets.xcassets"; sourceTree = "<group>"; };
		ABA48DBA2D48005B0028E7E0 /* clipboardx.entitlements */ = {isa = PBXFileReference; lastKnownFileType = text.plist.entitlements; path = clipboardx.entitlements; sourceTree = "<group>"; };
		ABA48DBF2D48005B0028E7E0 /* clipboardxTests.xctest */ = {isa = PBXFileReference; explicitFileType = wrapper.cfbundle; includeInIndex = 0; path = clipboardxTests.xctest; sourceTree = BUILT_PRODUCTS_DIR; };
		ABA48DC32D48005B0028E7E0 /* clipboardxTests.swift */ = {isa = PBXFileReference; lastKnownFileType = sourcecode.swift; path = clipboardxTests.swift; sourceTree = "<group>"; };
		ABA48DC92D48005B0028E7E0 /* clipboardxUITests.xctest */ = {isa = PBXFileReference; explicitFileType = wrapper.cfbundle; includeInIndex = 0; path = clipboardxUITests.xctest; sourceTree = BUILT_PRODUCTS_DIR; };
		ABA48DCD2D48005B0028E7E0 /* clipboardxUITests.swift */ = {isa = PBXFileReference; lastKnownFileType = sourcecode.swift; path = clipboardxUITests.swift; sourceTree = "<group>"; };
		ABA48DCF2D48005B0028E7E0 /* clipboardxUITestsLaunchTests.swift */ = {isa = PBXFileReference; lastKnownFileType = sourcecode.swift; path = clipboardxUITestsLaunchTests.swift; sourceTree = "<group>"; };
		ABA48DDC2D48018E0028E7E0 /* ClipboardManager.swift */ = {isa = PBXFileReference; lastKnownFileType = sourcecode.swift; path = ClipboardManager.swift; sourceTree = "<group>"; };
		ABA48DDE2D4807F80028E7E0 /* PermissionsView.swift */ = {isa = PBXFileReference; lastKnownFileType = sourcecode.swift; path = PermissionsView.swift; sourceTree = "<group>"; };
/* End PBXFileReference section */

/* Begin PBXFrameworksBuildPhase section */
		ABA48DAB2D48005A0028E7E0 /* Frameworks */ = {
			isa = PBXFrameworksBuildPhase;
			buildActionMask = 2147483647;
			files = (
			);
			runOnlyForDeploymentPostprocessing = 0;
		};
		ABA48DBC2D48005B0028E7E0 /* Frameworks */ = {
			isa = PBXFrameworksBuildPhase;
			buildActionMask = 2147483647;
			files = (
			);
			runOnlyForDeploymentPostprocessing = 0;
		};
		ABA48DC62D48005B0028E7E0 /* Frameworks */ = {
			isa = PBXFrameworksBuildPhase;
			buildActionMask = 2147483647;
			files = (
			);
			runOnlyForDeploymentPostprocessing = 0;
		};
/* End PBXFrameworksBuildPhase section */

/* Begin PBXGroup section */
		ABA48DA52D48005A0028E7E0 = {
			isa = PBXGroup;
			children = (
				ABA48DDE2D4807F80028E7E0 /* PermissionsView.swift */,
				ABA48DDC2D48018E0028E7E0 /* ClipboardManager.swift */,
				ABA48DB02D48005A0028E7E0 /* clipboardx */,
				ABA48DC22D48005B0028E7E0 /* clipboardxTests */,
				ABA48DCC2D48005B0028E7E0 /* clipboardxUITests */,
				ABA48DAF2D48005A0028E7E0 /* Products */,
			);
			sourceTree = "<group>";
		};
		ABA48DAF2D48005A0028E7E0 /* Products */ = {
			isa = PBXGroup;
			children = (
				ABA48DAE2D48005A0028E7E0 /* clipboardx.app */,
				ABA48DBF2D48005B0028E7E0 /* clipboardxTests.xctest */,
				ABA48DC92D48005B0028E7E0 /* clipboardxUITests.xctest */,
			);
			name = Products;
			sourceTree = "<group>";
		};
		ABA48DB02D48005A0028E7E0 /* clipboardx */ = {
			isa = PBXGroup;
			children = (
				ABA48DB12D48005A0028E7E0 /* clipboardxApp.swift */,
				ABA48DB32D48005A0028E7E0 /* ContentView.swift */,
				ABA48DB52D48005B0028E7E0 /* Assets.xcassets */,
				ABA48DBA2D48005B0028E7E0 /* clipboardx.entitlements */,
				ABA48DB72D48005B0028E7E0 /* Preview Content */,
			);
			path = clipboardx;
			sourceTree = "<group>";
		};
		ABA48DB72D48005B0028E7E0 /* Preview Content */ = {
			isa = PBXGroup;
			children = (
				ABA48DB82D48005B0028E7E0 /* Preview Assets.xcassets */,
			);
			path = "Preview Content";
			sourceTree = "<group>";
		};
		ABA48DC22D48005B0028E7E0 /* clipboardxTests */ = {
			isa = PBXGroup;
			children = (
				ABA48DC32D48005B0028E7E0 /* clipboardxTests.swift */,
			);
			path = clipboardxTests;
			sourceTree = "<group>";
		};
		ABA48DCC2D48005B0028E7E0 /* clipboardxUITests */ = {
			isa = PBXGroup;
			children = (
				ABA48DCD2D48005B0028E7E0 /* clipboardxUITests.swift */,
				ABA48DCF2D48005B0028E7E0 /* clipboardxUITestsLaunchTests.swift */,
			);
			path = clipboardxUITests;
			sourceTree = "<group>";
		};
/* End PBXGroup section */

/* Begin PBXNativeTarget section */
		ABA48DAD2D48005A0028E7E0 /* clipboardx */ = {
			isa = PBXNativeTarget;
			buildConfigurationList = ABA48DD32D48005B0028E7E0 /* Build configuration list for PBXNativeTarget "clipboardx" */;
			buildPhases = (
				ABA48DAA2D48005A0028E7E0 /* Sources */,
				ABA48DAB2D48005A0028E7E0 /* Frameworks */,
				ABA48DAC2D48005A0028E7E0 /* Resources */,
			);
			buildRules = (
			);
			dependencies = (
			);
			name = clipboardx;
			productName = clipboardx;
			productReference = ABA48DAE2D48005A0028E7E0 /* clipboardx.app */;
			productType = "com.apple.product-type.application";
		};
		ABA48DBE2D48005B0028E7E0 /* clipboardxTests */ = {
			isa = PBXNativeTarget;
			buildConfigurationList = ABA48DD62D48005B0028E7E0 /* Build configuration list for PBXNativeTarget "clipboardxTests" */;
			buildPhases = (
				ABA48DBB2D48005B0028E7E0 /* Sources */,
				ABA48DBC2D48005B0028E7E0 /* Frameworks */,
				ABA48DBD2D48005B0028E7E0 /* Resources */,
			);
			buildRules = (
			);
			dependencies = (
				ABA48DC12D48005B0028E7E0 /* PBXTargetDependency */,
			);
			name = clipboardxTests;
			productName = clipboardxTests;
			productReference = ABA48DBF2D48005B0028E7E0 /* clipboardxTests.xctest */;
			productType = "com.apple.product-type.bundle.unit-test";
		};
		ABA48DC82D48005B0028E7E0 /* clipboardxUITests */ = {
			isa = PBXNativeTarget;
			buildConfigurationList = ABA48DD92D48005B0028E7E0 /* Build configuration list for PBXNativeTarget "clipboardxUITests" */;
			buildPhases = (
				ABA48DC52D48005B0028E7E0 /* Sources */,
				ABA48DC62D48005B0028E7E0 /* Frameworks */,
				ABA48DC72D48005B0028E7E0 /* Resources */,
			);
			buildRules = (
			);
			dependencies = (
				ABA48DCB2D48005B0028E7E0 /* PBXTargetDependency */,
			);
			name = clipboardxUITests;
			productName = clipboardxUITests;
			productReference = ABA48DC92D48005B0028E7E0 /* clipboardxUITests.xctest */;
			productType = "com.apple.product-type.bundle.ui-testing";
		};
/* End PBXNativeTarget section */

/* Begin PBXProject section */
		ABA48DA62D48005A0028E7E0 /* Project object */ = {
			isa = PBXProject;
			attributes = {
				BuildIndependentTargetsInParallel = 1;
				LastSwiftUpdateCheck = 1540;
				LastUpgradeCheck = 1540;
				TargetAttributes = {
					ABA48DAD2D48005A0028E7E0 = {
						CreatedOnToolsVersion = 15.4;
					};
					ABA48DBE2D48005B0028E7E0 = {
						CreatedOnToolsVersion = 15.4;
						TestTargetID = ABA48DAD2D48005A0028E7E0;
					};
					ABA48DC82D48005B0028E7E0 = {
						CreatedOnToolsVersion = 15.4;
						TestTargetID = ABA48DAD2D48005A0028E7E0;
					};
				};
			};
			buildConfigurationList = ABA48DA92D48005A0028E7E0 /* Build configuration list for PBXProject "clipboardx" */;
			compatibilityVersion = "Xcode 14.0";
			developmentRegion = en;
			hasScannedForEncodings = 0;
			knownRegions = (
				en,
				Base,
			);
			mainGroup = ABA48DA52D48005A0028E7E0;
			productRefGroup = ABA48DAF2D48005A0028E7E0 /* Products */;
			projectDirPath = "";
			projectRoot = "";
			targets = (
				ABA48DAD2D48005A0028E7E0 /* clipboardx */,
				ABA48DBE2D48005B0028E7E0 /* clipboardxTests */,
				ABA48DC82D48005B0028E7E0 /* clipboardxUITests */,
			);
		};
/* End PBXProject section */

/* Begin PBXResourcesBuildPhase section */
		ABA48DAC2D48005A0028E7E0 /* Resources */ = {
			isa = PBXResourcesBuildPhase;
			buildActionMask = 2147483647;
			files = (
				ABA48DB92D48005B0028E7E0 /* Preview Assets.xcassets in Resources */,
				ABA48DB62D48005B0028E7E0 /* Assets.xcassets in Resources */,
			);
			runOnlyForDeploymentPostprocessing = 0;
		};
		ABA48DBD2D48005B0028E7E0 /* Resources */ = {
			isa = PBXResourcesBuildPhase;
			buildActionMask = 2147483647;
			files = (
			);
			runOnlyForDeploymentPostprocessing = 0;
		};
		ABA48DC72D48005B0028E7E0 /* Resources */ = {
			isa = PBXResourcesBuildPhase;
			buildActionMask = 2147483647;
			files = (
			);
			runOnlyForDeploymentPostprocessing = 0;
		};
/* End PBXResourcesBuildPhase section */

/* Begin PBXSourcesBuildPhase section */
		ABA48DAA2D48005A0028E7E0 /* Sources */ = {
			isa = PBXSourcesBuildPhase;
			buildActionMask = 2147483647;
			files = (
				ABA48DB42D48005A0028E7E0 /* ContentView.swift in Sources */,
				ABA48DDD2D48018E0028E7E0 /* ClipboardManager.swift in Sources */,
				ABA48DB22D48005A0028E7E0 /* clipboardxApp.swift in Sources */,
				ABA48DDF2D4807F80028E7E0 /* PermissionsView.swift in Sources */,
			);
			runOnlyForDeploymentPostprocessing = 0;
		};
		ABA48DBB2D48005B0028E7E0 /* Sources */ = {
			isa = PBXSourcesBuildPhase;
			buildActionMask = 2147483647;
			files = (
				ABA48DC42D48005B0028E7E0 /* clipboardxTests.swift in Sources */,
			);
			runOnlyForDeploymentPostprocessing = 0;
		};
		ABA48DC52D48005B0028E7E0 /* Sources */ = {
			isa = PBXSourcesBuildPhase;
			buildActionMask = 2147483647;
			files = (
				ABA48DD02D48005B0028E7E0 /* clipboardxUITestsLaunchTests.swift in Sources */,
				ABA48DCE2D48005B0028E7E0 /* clipboardxUITests.swift in Sources */,
			);
			runOnlyForDeploymentPostprocessing = 0;
		};
/* End PBXSourcesBuildPhase section */

/* Begin PBXTargetDependency section */
		ABA48DC12D48005B0028E7E0 /* PBXTargetDependency */ = {
			isa = PBXTargetDependency;
			target = ABA48DAD2D48005A0028E7E0 /* clipboardx */;
			targetProxy = ABA48DC02D48005B0028E7E0 /* PBXContainerItemProxy */;
		};
		ABA48DCB2D48005B0028E7E0 /* PBXTargetDependency */ = {
			isa = PBXTargetDependency;
			target = ABA48DAD2D48005A0028E7E0 /* clipboardx */;
			targetProxy = ABA48DCA2D48005B0028E7E0 /* PBXContainerItemProxy */;
		};
/* End PBXTargetDependency section */

/* Begin XCBuildConfiguration section */
		ABA48DD12D48005B0028E7E0 /* Debug */ = {
			isa = XCBuildConfiguration;
			buildSettings = {
				ALWAYS_SEARCH_USER_PATHS = NO;
				ASSETCATALOG_COMPILER_GENERATE_SWIFT_ASSET_SYMBOL_EXTENSIONS = YES;
				CLANG_ANALYZER_NONNULL = YES;
				CLANG_ANALYZER_NUMBER_OBJECT_CONVERSION = YES_AGGRESSIVE;
				CLANG_CXX_LANGUAGE_STANDARD = "gnu++20";
				CLANG_ENABLE_MODULES = YES;
				CLANG_ENABLE_OBJC_ARC = YES;
				CLANG_ENABLE_OBJC_WEAK = YES;
				CLANG_WARN_BLOCK_CAPTURE_AUTORELEASING = YES;
				CLANG_WARN_BOOL_CONVERSION = YES;
				CLANG_WARN_COMMA = YES;
				CLANG_WARN_CONSTANT_CONVERSION = YES;
				CLANG_WARN_DEPRECATED_OBJC_IMPLEMENTATIONS = YES;
				CLANG_WARN_DIRECT_OBJC_ISA_USAGE = YES_ERROR;
				CLANG_WARN_DOCUMENTATION_COMMENTS = YES;
				CLANG_WARN_EMPTY_BODY = YES;
				CLANG_WARN_ENUM_CONVERSION = YES;
				CLANG_WARN_INFINITE_RECURSION = YES;
				CLANG_WARN_INT_CONVERSION = YES;
				CLANG_WARN_NON_LITERAL_NULL_CONVERSION = YES;
				CLANG_WARN_OBJC_IMPLICIT_RETAIN_SELF = YES;
				CLANG_WARN_OBJC_LITERAL_CONVERSION = YES;
				CLANG_WARN_OBJC_ROOT_CLASS = YES_ERROR;
				CLANG_WARN_QUOTED_INCLUDE_IN_FRAMEWORK_HEADER = YES;
				CLANG_WARN_RANGE_LOOP_ANALYSIS = YES;
				CLANG_WARN_STRICT_PROTOTYPES = YES;
				CLANG_WARN_SUSPICIOUS_MOVE = YES;
				CLANG_WARN_UNGUARDED_AVAILABILITY = YES_AGGRESSIVE;
				CLANG_WARN_UNREACHABLE_CODE = YES;
				CLANG_WARN__DUPLICATE_METHOD_MATCH = YES;
				COPY_PHASE_STRIP = NO;
				DEBUG_INFORMATION_FORMAT = dwarf;
				ENABLE_STRICT_OBJC_MSGSEND = YES;
				ENABLE_TESTABILITY = YES;
				ENABLE_USER_SCRIPT_SANDBOXING = YES;
				GCC_C_LANGUAGE_STANDARD = gnu17;
				GCC_DYNAMIC_NO_PIC = NO;
				GCC_NO_COMMON_BLOCKS = YES;
				GCC_OPTIMIZATION_LEVEL = 0;
				GCC_PREPROCESSOR_DEFINITIONS = (
					"DEBUG=1",
					"$(inherited)",
				);
				GCC_WARN_64_TO_32_BIT_CONVERSION = YES;
				GCC_WARN_ABOUT_RETURN_TYPE = YES_ERROR;
				GCC_WARN_UNDECLARED_SELECTOR = YES;
				GCC_WARN_UNINITIALIZED_AUTOS = YES_AGGRESSIVE;
				GCC_WARN_UNUSED_FUNCTION = YES;
				GCC_WARN_UNUSED_VARIABLE = YES;
				LOCALIZATION_PREFERS_STRING_CATALOGS = YES;
				MACOSX_DEPLOYMENT_TARGET = 14.4;
				MTL_ENABLE_DEBUG_INFO = INCLUDE_SOURCE;
				MTL_FAST_MATH = YES;
				ONLY_ACTIVE_ARCH = YES;
				SDKROOT = macosx;
				SWIFT_ACTIVE_COMPILATION_CONDITIONS = "DEBUG $(inherited)";
				SWIFT_OPTIMIZATION_LEVEL = "-Onone";
			};
			name = Debug;
		};
		ABA48DD22D48005B0028E7E0 /* Release */ = {
			isa = XCBuildConfiguration;
			buildSettings = {
				ALWAYS_SEARCH_USER_PATHS = NO;
				ASSETCATALOG_COMPILER_GENERATE_SWIFT_ASSET_SYMBOL_EXTENSIONS = YES;
				CLANG_ANALYZER_NONNULL = YES;
				CLANG_ANALYZER_NUMBER_OBJECT_CONVERSION = YES_AGGRESSIVE;
				CLANG_CXX_LANGUAGE_STANDARD = "gnu++20";
				CLANG_ENABLE_MODULES = YES;
				CLANG_ENABLE_OBJC_ARC = YES;
				CLANG_ENABLE_OBJC_WEAK = YES;
				CLANG_WARN_BLOCK_CAPTURE_AUTORELEASING = YES;
				CLANG_WARN_BOOL_CONVERSION = YES;
				CLANG_WARN_COMMA = YES;
				CLANG_WARN_CONSTANT_CONVERSION = YES;
				CLANG_WARN_DEPRECATED_OBJC_IMPLEMENTATIONS = YES;
				CLANG_WARN_DIRECT_OBJC_ISA_USAGE = YES_ERROR;
				CLANG_WARN_DOCUMENTATION_COMMENTS = YES;
				CLANG_WARN_EMPTY_BODY = YES;
				CLANG_WARN_ENUM_CONVERSION = YES;
				CLANG_WARN_INFINITE_RECURSION = YES;
				CLANG_WARN_INT_CONVERSION = YES;
				CLANG_WARN_NON_LITERAL_NULL_CONVERSION = YES;
				CLANG_WARN_OBJC_IMPLICIT_RETAIN_SELF = YES;
				CLANG_WARN_OBJC_LITERAL_CONVERSION = YES;
				CLANG_WARN_OBJC_ROOT_CLASS = YES_ERROR;
				CLANG_WARN_QUOTED_INCLUDE_IN_FRAMEWORK_HEADER = YES;
				CLANG_WARN_RANGE_LOOP_ANALYSIS = YES;
				CLANG_WARN_STRICT_PROTOTYPES = YES;
				CLANG_WARN_SUSPICIOUS_MOVE = YES;
				CLANG_WARN_UNGUARDED_AVAILABILITY = YES_AGGRESSIVE;
				CLANG_WARN_UNREACHABLE_CODE = YES;
				CLANG_WARN__DUPLICATE_METHOD_MATCH = YES;
				COPY_PHASE_STRIP = NO;
				DEBUG_INFORMATION_FORMAT = "dwarf-with-dsym";
				ENABLE_NS_ASSERTIONS = NO;
				ENABLE_STRICT_OBJC_MSGSEND = YES;
				ENABLE_USER_SCRIPT_SANDBOXING = YES;
				GCC_C_LANGUAGE_STANDARD = gnu17;
				GCC_NO_COMMON_BLOCKS = YES;
				GCC_WARN_64_TO_32_BIT_CONVERSION = YES;
				GCC_WARN_ABOUT_RETURN_TYPE = YES_ERROR;
				GCC_WARN_UNDECLARED_SELECTOR = YES;
				GCC_WARN_UNINITIALIZED_AUTOS = YES_AGGRESSIVE;
				GCC_WARN_UNUSED_FUNCTION = YES;
				GCC_WARN_UNUSED_VARIABLE = YES;
				LOCALIZATION_PREFERS_STRING_CATALOGS = YES;
				MACOSX_DEPLOYMENT_TARGET = 14.4;
				MTL_ENABLE_DEBUG_INFO = NO;
				MTL_FAST_MATH = YES;
				SDKROOT = macosx;
				SWIFT_COMPILATION_MODE = wholemodule;
			};
			name = Release;
		};
		ABA48DD42D48005B0028E7E0 /* Debug */ = {
			isa = XCBuildConfiguration;
			buildSettings = {
				ASSETCATALOG_COMPILER_APPICON_NAME = AppIcon;
				ASSETCATALOG_COMPILER_GLOBAL_ACCENT_COLOR_NAME = AccentColor;
				CODE_SIGN_ENTITLEMENTS = clipboardx/clipboardx.entitlements;
				"CODE_SIGN_IDENTITY[sdk=macosx*]" = "Apple Development";
				CODE_SIGN_STYLE = Automatic;
				COMBINE_HIDPI_IMAGES = YES;
				CURRENT_PROJECT_VERSION = 1;
				DEVELOPMENT_ASSET_PATHS = "\"clipboardx/Preview Content\"";
				DEVELOPMENT_TEAM = TWF95M43YK;
				ENABLE_HARDENED_RUNTIME = YES;
				ENABLE_PREVIEWS = YES;
				GENERATE_INFOPLIST_FILE = YES;
				INFOPLIST_KEY_CFBundleDisplayName = "Clipboardx - Ultimate Clipboard";
				INFOPLIST_KEY_LSApplicationCategoryType = "public.app-category.productivity";
				INFOPLIST_KEY_NSHumanReadableCopyright = "";
				LD_RUNPATH_SEARCH_PATHS = (
					"$(inherited)",
					"@executable_path/../Frameworks",
				);
				MARKETING_VERSION = 1.0;
				PRODUCT_BUNDLE_IDENTIFIER = com.saphlinks.clipboardx;
				PRODUCT_NAME = "$(TARGET_NAME)";
				SWIFT_EMIT_LOC_STRINGS = YES;
				SWIFT_VERSION = 5.0;
			};
			name = Debug;
		};
		ABA48DD52D48005B0028E7E0 /* Release */ = {
			isa = XCBuildConfiguration;
			buildSettings = {
				ASSETCATALOG_COMPILER_APPICON_NAME = AppIcon;
				ASSETCATALOG_COMPILER_GLOBAL_ACCENT_COLOR_NAME = AccentColor;
				CODE_SIGN_ENTITLEMENTS = clipboardx/clipboardx.entitlements;
				"CODE_SIGN_IDENTITY[sdk=macosx*]" = "Apple Development";
				CODE_SIGN_STYLE = Automatic;
				COMBINE_HIDPI_IMAGES = YES;
				CURRENT_PROJECT_VERSION = 1;
				DEVELOPMENT_ASSET_PATHS = "\"clipboardx/Preview Content\"";
				DEVELOPMENT_TEAM = TWF95M43YK;
				ENABLE_HARDENED_RUNTIME = YES;
				ENABLE_PREVIEWS = YES;
				GENERATE_INFOPLIST_FILE = YES;
				INFOPLIST_KEY_CFBundleDisplayName = "Clipboardx - Ultimate Clipboard";
				INFOPLIST_KEY_LSApplicationCategoryType = "public.app-category.productivity";
				INFOPLIST_KEY_NSHumanReadableCopyright = "";
				LD_RUNPATH_SEARCH_PATHS = (
					"$(inherited)",
					"@executable_path/../Frameworks",
				);
				MARKETING_VERSION = 1.0;
				PRODUCT_BUNDLE_IDENTIFIER = com.saphlinks.clipboardx;
				PRODUCT_NAME = "$(TARGET_NAME)";
				SWIFT_EMIT_LOC_STRINGS = YES;
				SWIFT_VERSION = 5.0;
			};
			name = Release;
		};
		ABA48DD72D48005B0028E7E0 /* Debug */ = {
			isa = XCBuildConfiguration;
			buildSettings = {
				ALWAYS_EMBED_SWIFT_STANDARD_LIBRARIES = YES;
				BUNDLE_LOADER = "$(TEST_HOST)";
				CODE_SIGN_STYLE = Automatic;
				CURRENT_PROJECT_VERSION = 1;
				DEVELOPMENT_TEAM = TWF95M43YK;
				GENERATE_INFOPLIST_FILE = YES;
				MACOSX_DEPLOYMENT_TARGET = 14.4;
				MARKETING_VERSION = 1.0;
				PRODUCT_BUNDLE_IDENTIFIER = one.lazim.clipboardxTests;
				PRODUCT_NAME = "$(TARGET_NAME)";
				SWIFT_EMIT_LOC_STRINGS = NO;
				SWIFT_VERSION = 5.0;
				TEST_HOST = "$(BUILT_PRODUCTS_DIR)/clipboardx.app/$(BUNDLE_EXECUTABLE_FOLDER_PATH)/clipboardx";
			};
			name = Debug;
		};
		ABA48DD82D48005B0028E7E0 /* Release */ = {
			isa = XCBuildConfiguration;
			buildSettings = {
				ALWAYS_EMBED_SWIFT_STANDARD_LIBRARIES = YES;
				BUNDLE_LOADER = "$(TEST_HOST)";
				CODE_SIGN_STYLE = Automatic;
				CURRENT_PROJECT_VERSION = 1;
				DEVELOPMENT_TEAM = TWF95M43YK;
				GENERATE_INFOPLIST_FILE = YES;
				MACOSX_DEPLOYMENT_TARGET = 14.4;
				MARKETING_VERSION = 1.0;
				PRODUCT_BUNDLE_IDENTIFIER = one.lazim.clipboardxTests;
				PRODUCT_NAME = "$(TARGET_NAME)";
				SWIFT_EMIT_LOC_STRINGS = NO;
				SWIFT_VERSION = 5.0;
				TEST_HOST = "$(BUILT_PRODUCTS_DIR)/clipboardx.app/$(BUNDLE_EXECUTABLE_FOLDER_PATH)/clipboardx";
			};
			name = Release;
		};
		ABA48DDA2D48005B0028E7E0 /* Debug */ = {
			isa = XCBuildConfiguration;
			buildSettings = {
				ALWAYS_EMBED_SWIFT_STANDARD_LIBRARIES = YES;
				CODE_SIGN_STYLE = Automatic;
				CURRENT_PROJECT_VERSION = 1;
				DEVELOPMENT_TEAM = TWF95M43YK;
				GENERATE_INFOPLIST_FILE = YES;
				MARKETING_VERSION = 1.0;
				PRODUCT_BUNDLE_IDENTIFIER = one.lazim.clipboardxUITests;
				PRODUCT_NAME = "$(TARGET_NAME)";
				SWIFT_EMIT_LOC_STRINGS = NO;
				SWIFT_VERSION = 5.0;
				TEST_TARGET_NAME = clipboardx;
			};
			name = Debug;
		};
		ABA48DDB2D48005B0028E7E0 /* Release */ = {
			isa = XCBuildConfiguration;
			buildSettings = {
				ALWAYS_EMBED_SWIFT_STANDARD_LIBRARIES = YES;
				CODE_SIGN_STYLE = Automatic;
				CURRENT_PROJECT_VERSION = 1;
				DEVELOPMENT_TEAM = TWF95M43YK;
				GENERATE_INFOPLIST_FILE = YES;
				MARKETING_VERSION = 1.0;
				PRODUCT_BUNDLE_IDENTIFIER = one.lazim.clipboardxUITests;
				PRODUCT_NAME = "$(TARGET_NAME)";
				SWIFT_EMIT_LOC_STRINGS = NO;
				SWIFT_VERSION = 5.0;
				TEST_TARGET_NAME = clipboardx;
			};
			name = Release;
		};
/* End XCBuildConfiguration section */

/* Begin XCConfigurationList section */
		ABA48DA92D48005A0028E7E0 /* Build configuration list for PBXProject "clipboardx" */ = {
			isa = XCConfigurationList;
			buildConfigurations = (
				ABA48DD12D48005B0028E7E0 /* Debug */,
				ABA48DD22D48005B0028E7E0 /* Release */,
			);
			defaultConfigurationIsVisible = 0;
			defaultConfigurationName = Release;
		};
		ABA48DD32D48005B0028E7E0 /* Build configuration list for PBXNativeTarget "clipboardx" */ = {
			isa = XCConfigurationList;
			buildConfigurations = (
				ABA48DD42D48005B0028E7E0 /* Debug */,
				ABA48DD52D48005B0028E7E0 /* Release */,
			);
			defaultConfigurationIsVisible = 0;
			defaultConfigurationName = Release;
		};
		ABA48DD62D48005B0028E7E0 /* Build configuration list for PBXNativeTarget "clipboardxTests" */ = {
			isa = XCConfigurationList;
			buildConfigurations = (
				ABA48DD72D48005B0028E7E0 /* Debug */,
				ABA48DD82D48005B0028E7E0 /* Release */,
			);
			defaultConfigurationIsVisible = 0;
			defaultConfigurationName = Release;
		};
		ABA48DD92D48005B0028E7E0 /* Build configuration list for PBXNativeTarget "clipboardxUITests" */ = {
			isa = XCConfigurationList;
			buildConfigurations = (
				ABA48DDA2D48005B0028E7E0 /* Debug */,
				ABA48DDB2D48005B0028E7E0 /* Release */,
			);
			defaultConfigurationIsVisible = 0;
			defaultConfigurationName = Release;
		};
/* End XCConfigurationList section */
	};
	rootObject = ABA48DA62D48005A0028E7E0 /* Project object */;
}
